// !$*UTF8*$!
{
	archiveVersion = 1;
	classes = {
	};
	objectVersion = 46;
	objects = {

/* Begin PBXBuildFile section */
		A9EA3C051CFEA0DF00363C1F /* AppDelegate.swift in Sources */ = {isa = PBXBuildFile; fileRef = A9EA3C041CFEA0DF00363C1F /* AppDelegate.swift */; };
		A9EA3C071CFEA0DF00363C1F /* MasterViewController.swift in Sources */ = {isa = PBXBuildFile; fileRef = A9EA3C061CFEA0DF00363C1F /* MasterViewController.swift */; };
		A9EA3C091CFEA0DF00363C1F /* DetailViewController.swift in Sources */ = {isa = PBXBuildFile; fileRef = A9EA3C081CFEA0DF00363C1F /* DetailViewController.swift */; };
		A9EA3C0C1CFEA0DF00363C1F /* Main.storyboard in Resources */ = {isa = PBXBuildFile; fileRef = A9EA3C0A1CFEA0DF00363C1F /* Main.storyboard */; };
		A9EA3C0E1CFEA0DF00363C1F /* Assets.xcassets in Resources */ = {isa = PBXBuildFile; fileRef = A9EA3C0D1CFEA0DF00363C1F /* Assets.xcassets */; };
		A9EA3C111CFEA0DF00363C1F /* LaunchScreen.storyboard in Resources */ = {isa = PBXBuildFile; fileRef = A9EA3C0F1CFEA0DF00363C1F /* LaunchScreen.storyboard */; };
		A9EA3C1C1CFEA0DF00363C1F /* NoteToDoTests.swift in Sources */ = {isa = PBXBuildFile; fileRef = A9EA3C1B1CFEA0DF00363C1F /* NoteToDoTests.swift */; };
		A9EA3C271CFEA0DF00363C1F /* NoteToDoUITests.swift in Sources */ = {isa = PBXBuildFile; fileRef = A9EA3C261CFEA0DF00363C1F /* NoteToDoUITests.swift */; };
/* End PBXBuildFile section */

/* Begin PBXContainerItemProxy section */
		A9EA3C181CFEA0DF00363C1F /* PBXContainerItemProxy */ = {
			isa = PBXContainerItemProxy;
			containerPortal = A9EA3BF91CFEA0DF00363C1F /* Project object */;
			proxyType = 1;
			remoteGlobalIDString = A9EA3C001CFEA0DF00363C1F;
			remoteInfo = NoteToDo;
		};
		A9EA3C231CFEA0DF00363C1F /* PBXContainerItemProxy */ = {
			isa = PBXContainerItemProxy;
			containerPortal = A9EA3BF91CFEA0DF00363C1F /* Project object */;
			proxyType = 1;
			remoteGlobalIDString = A9EA3C001CFEA0DF00363C1F;
			remoteInfo = NoteToDo;
		};
/* End PBXContainerItemProxy section */

/* Begin PBXFileReference section */
		A9EA3C011CFEA0DF00363C1F /* NoteToDo.app */ = {isa = PBXFileReference; explicitFileType = wrapper.application; includeInIndex = 0; path = NoteToDo.app; sourceTree = BUILT_PRODUCTS_DIR; };
		A9EA3C041CFEA0DF00363C1F /* AppDelegate.swift */ = {isa = PBXFileReference; lastKnownFileType = sourcecode.swift; path = AppDelegate.swift; sourceTree = "<group>"; };
		A9EA3C061CFEA0DF00363C1F /* MasterViewController.swift */ = {isa = PBXFileReference; lastKnownFileType = sourcecode.swift; path = MasterViewController.swift; sourceTree = "<group>"; };
		A9EA3C081CFEA0DF00363C1F /* DetailViewController.swift */ = {isa = PBXFileReference; lastKnownFileType = sourcecode.swift; path = DetailViewController.swift; sourceTree = "<group>"; };
		A9EA3C0B1CFEA0DF00363C1F /* Base */ = {isa = PBXFileReference; lastKnownFileType = file.storyboard; name = Base; path = Base.lproj/Main.storyboard; sourceTree = "<group>"; };
		A9EA3C0D1CFEA0DF00363C1F /* Assets.xcassets */ = {isa = PBXFileReference; lastKnownFileType = folder.assetcatalog; path = Assets.xcassets; sourceTree = "<group>"; };
		A9EA3C101CFEA0DF00363C1F /* Base */ = {isa = PBXFileReference; lastKnownFileType = file.storyboard; name = Base; path = Base.lproj/LaunchScreen.storyboard; sourceTree = "<group>"; };
		A9EA3C121CFEA0DF00363C1F /* Info.plist */ = {isa = PBXFileReference; lastKnownFileType = text.plist.xml; path = Info.plist; sourceTree = "<group>"; };
		A9EA3C171CFEA0DF00363C1F /* NoteToDoTests.xctest */ = {isa = PBXFileReference; explicitFileType = wrapper.cfbundle; includeInIndex = 0; path = NoteToDoTests.xctest; sourceTree = BUILT_PRODUCTS_DIR; };
		A9EA3C1B1CFEA0DF00363C1F /* NoteToDoTests.swift */ = {isa = PBXFileReference; lastKnownFileType = sourcecode.swift; path = NoteToDoTests.swift; sourceTree = "<group>"; };
		A9EA3C1D1CFEA0DF00363C1F /* Info.plist */ = {isa = PBXFileReference; lastKnownFileType = text.plist.xml; path = Info.plist; sourceTree = "<group>"; };
		A9EA3C221CFEA0DF00363C1F /* NoteToDoUITests.xctest */ = {isa = PBXFileReference; explicitFileType = wrapper.cfbundle; includeInIndex = 0; path = NoteToDoUITests.xctest; sourceTree = BUILT_PRODUCTS_DIR; };
		A9EA3C261CFEA0DF00363C1F /* NoteToDoUITests.swift */ = {isa = PBXFileReference; lastKnownFileType = sourcecode.swift; path = NoteToDoUITests.swift; sourceTree = "<group>"; };
		A9EA3C281CFEA0DF00363C1F /* Info.plist */ = {isa = PBXFileReference; lastKnownFileType = text.plist.xml; path = Info.plist; sourceTree = "<group>"; };
/* End PBXFileReference section */

/* Begin PBXFrameworksBuildPhase section */
		A9EA3BFE1CFEA0DF00363C1F /* Frameworks */ = {
			isa = PBXFrameworksBuildPhase;
			buildActionMask = 2147483647;
			files = (
			);
			runOnlyForDeploymentPostprocessing = 0;
		};
		A9EA3C141CFEA0DF00363C1F /* Frameworks */ = {
			isa = PBXFrameworksBuildPhase;
			buildActionMask = 2147483647;
			files = (
			);
			runOnlyForDeploymentPostprocessing = 0;
		};
		A9EA3C1F1CFEA0DF00363C1F /* Frameworks */ = {
			isa = PBXFrameworksBuildPhase;
			buildActionMask = 2147483647;
			files = (
			);
			runOnlyForDeploymentPostprocessing = 0;
		};
/* End PBXFrameworksBuildPhase section */

/* Begin PBXGroup section */
		A9EA3BF81CFEA0DF00363C1F = {
			isa = PBXGroup;
			children = (
				A9EA3C031CFEA0DF00363C1F /* NoteToDo */,
				A9EA3C1A1CFEA0DF00363C1F /* NoteToDoTests */,
				A9EA3C251CFEA0DF00363C1F /* NoteToDoUITests */,
				A9EA3C021CFEA0DF00363C1F /* Products */,
			);
			sourceTree = "<group>";
		};
		A9EA3C021CFEA0DF00363C1F /* Products */ = {
			isa = PBXGroup;
			children = (
				A9EA3C011CFEA0DF00363C1F /* NoteToDo.app */,
				A9EA3C171CFEA0DF00363C1F /* NoteToDoTests.xctest */,
				A9EA3C221CFEA0DF00363C1F /* NoteToDoUITests.xctest */,
			);
			name = Products;
			sourceTree = "<group>";
		};
		A9EA3C031CFEA0DF00363C1F /* NoteToDo */ = {
			isa = PBXGroup;
			children = (
				A9EA3C041CFEA0DF00363C1F /* AppDelegate.swift */,
				A9EA3C061CFEA0DF00363C1F /* MasterViewController.swift */,
				A9EA3C081CFEA0DF00363C1F /* DetailViewController.swift */,
				A9EA3C0A1CFEA0DF00363C1F /* Main.storyboard */,
				A9EA3C0D1CFEA0DF00363C1F /* Assets.xcassets */,
				A9EA3C0F1CFEA0DF00363C1F /* LaunchScreen.storyboard */,
				A9EA3C121CFEA0DF00363C1F /* Info.plist */,
			);
			path = NoteToDo;
			sourceTree = "<group>";
		};
		A9EA3C1A1CFEA0DF00363C1F /* NoteToDoTests */ = {
			isa = PBXGroup;
			children = (
				A9EA3C1B1CFEA0DF00363C1F /* NoteToDoTests.swift */,
				A9EA3C1D1CFEA0DF00363C1F /* Info.plist */,
			);
			path = NoteToDoTests;
			sourceTree = "<group>";
		};
		A9EA3C251CFEA0DF00363C1F /* NoteToDoUITests */ = {
			isa = PBXGroup;
			children = (
				A9EA3C261CFEA0DF00363C1F /* NoteToDoUITests.swift */,
				A9EA3C281CFEA0DF00363C1F /* Info.plist */,
			);
			path = NoteToDoUITests;
			sourceTree = "<group>";
		};
/* End PBXGroup section */

/* Begin PBXNativeTarget section */
		A9EA3C001CFEA0DF00363C1F /* NoteToDo */ = {
			isa = PBXNativeTarget;
			buildConfigurationList = A9EA3C2B1CFEA0DF00363C1F /* Build configuration list for PBXNativeTarget "NoteToDo" */;
			buildPhases = (
				A9EA3BFD1CFEA0DF00363C1F /* Sources */,
				A9EA3BFE1CFEA0DF00363C1F /* Frameworks */,
				A9EA3BFF1CFEA0DF00363C1F /* Resources */,
			);
			buildRules = (
			);
			dependencies = (
			);
			name = NoteToDo;
			productName = NoteToDo;
			productReference = A9EA3C011CFEA0DF00363C1F /* NoteToDo.app */;
			productType = "com.apple.product-type.application";
		};
		A9EA3C161CFEA0DF00363C1F /* NoteToDoTests */ = {
			isa = PBXNativeTarget;
			buildConfigurationList = A9EA3C2E1CFEA0DF00363C1F /* Build configuration list for PBXNativeTarget "NoteToDoTests" */;
			buildPhases = (
				A9EA3C131CFEA0DF00363C1F /* Sources */,
				A9EA3C141CFEA0DF00363C1F /* Frameworks */,
				A9EA3C151CFEA0DF00363C1F /* Resources */,
			);
			buildRules = (
			);
			dependencies = (
				A9EA3C191CFEA0DF00363C1F /* PBXTargetDependency */,
			);
			name = NoteToDoTests;
			productName = NoteToDoTests;
			productReference = A9EA3C171CFEA0DF00363C1F /* NoteToDoTests.xctest */;
			productType = "com.apple.product-type.bundle.unit-test";
		};
		A9EA3C211CFEA0DF00363C1F /* NoteToDoUITests */ = {
			isa = PBXNativeTarget;
			buildConfigurationList = A9EA3C311CFEA0DF00363C1F /* Build configuration list for PBXNativeTarget "NoteToDoUITests" */;
			buildPhases = (
				A9EA3C1E1CFEA0DF00363C1F /* Sources */,
				A9EA3C1F1CFEA0DF00363C1F /* Frameworks */,
				A9EA3C201CFEA0DF00363C1F /* Resources */,
			);
			buildRules = (
			);
			dependencies = (
				A9EA3C241CFEA0DF00363C1F /* PBXTargetDependency */,
			);
			name = NoteToDoUITests;
			productName = NoteToDoUITests;
			productReference = A9EA3C221CFEA0DF00363C1F /* NoteToDoUITests.xctest */;
			productType = "com.apple.product-type.bundle.ui-testing";
		};
/* End PBXNativeTarget section */

/* Begin PBXProject section */
		A9EA3BF91CFEA0DF00363C1F /* Project object */ = {
			isa = PBXProject;
			attributes = {
				LastSwiftUpdateCheck = 0730;
				LastUpgradeCheck = 0730;
				ORGANIZATIONNAME = "Ravindra Mukund";
				TargetAttributes = {
					A9EA3C001CFEA0DF00363C1F = {
						CreatedOnToolsVersion = 7.3.1;
					};
					A9EA3C161CFEA0DF00363C1F = {
						CreatedOnToolsVersion = 7.3.1;
						TestTargetID = A9EA3C001CFEA0DF00363C1F;
					};
					A9EA3C211CFEA0DF00363C1F = {
						CreatedOnToolsVersion = 7.3.1;
						TestTargetID = A9EA3C001CFEA0DF00363C1F;
					};
				};
			};
			buildConfigurationList = A9EA3BFC1CFEA0DF00363C1F /* Build configuration list for PBXProject "NoteToDo" */;
			compatibilityVersion = "Xcode 3.2";
			developmentRegion = English;
			hasScannedForEncodings = 0;
			knownRegions = (
				en,
				Base,
			);
			mainGroup = A9EA3BF81CFEA0DF00363C1F;
			productRefGroup = A9EA3C021CFEA0DF00363C1F /* Products */;
			projectDirPath = "";
			projectRoot = "";
			targets = (
				A9EA3C001CFEA0DF00363C1F /* NoteToDo */,
				A9EA3C161CFEA0DF00363C1F /* NoteToDoTests */,
				A9EA3C211CFEA0DF00363C1F /* NoteToDoUITests */,
			);
		};
/* End PBXProject section */

/* Begin PBXResourcesBuildPhase section */
		A9EA3BFF1CFEA0DF00363C1F /* Resources */ = {
			isa = PBXResourcesBuildPhase;
			buildActionMask = 2147483647;
			files = (
				A9EA3C111CFEA0DF00363C1F /* LaunchScreen.storyboard in Resources */,
				A9EA3C0E1CFEA0DF00363C1F /* Assets.xcassets in Resources */,
				A9EA3C0C1CFEA0DF00363C1F /* Main.storyboard in Resources */,
			);
			runOnlyForDeploymentPostprocessing = 0;
		};
		A9EA3C151CFEA0DF00363C1F /* Resources */ = {
			isa = PBXResourcesBuildPhase;
			buildActionMask = 2147483647;
			files = (
			);
			runOnlyForDeploymentPostprocessing = 0;
		};
		A9EA3C201CFEA0DF00363C1F /* Resources */ = {
			isa = PBXResourcesBuildPhase;
			buildActionMask = 2147483647;
			files = (
			);
			runOnlyForDeploymentPostprocessing = 0;
		};
/* End PBXResourcesBuildPhase section */

/* Begin PBXSourcesBuildPhase section */
		A9EA3BFD1CFEA0DF00363C1F /* Sources */ = {
			isa = PBXSourcesBuildPhase;
			buildActionMask = 2147483647;
			files = (
				A9EA3C091CFEA0DF00363C1F /* DetailViewController.swift in Sources */,
				A9EA3C071CFEA0DF00363C1F /* MasterViewController.swift in Sources */,
				A9EA3C051CFEA0DF00363C1F /* AppDelegate.swift in Sources */,
			);
			runOnlyForDeploymentPostprocessing = 0;
		};
		A9EA3C131CFEA0DF00363C1F /* Sources */ = {
			isa = PBXSourcesBuildPhase;
			buildActionMask = 2147483647;
			files = (
				A9EA3C1C1CFEA0DF00363C1F /* NoteToDoTests.swift in Sources */,
			);
			runOnlyForDeploymentPostprocessing = 0;
		};
		A9EA3C1E1CFEA0DF00363C1F /* Sources */ = {
			isa = PBXSourcesBuildPhase;
			buildActionMask = 2147483647;
			files = (
				A9EA3C271CFEA0DF00363C1F /* NoteToDoUITests.swift in Sources */,
			);
			runOnlyForDeploymentPostprocessing = 0;
		};
/* End PBXSourcesBuildPhase section */

/* Begin PBXTargetDependency section */
		A9EA3C191CFEA0DF00363C1F /* PBXTargetDependency */ = {
			isa = PBXTargetDependency;
			target = A9EA3C001CFEA0DF00363C1F /* NoteToDo */;
			targetProxy = A9EA3C181CFEA0DF00363C1F /* PBXContainerItemProxy */;
		};
		A9EA3C241CFEA0DF00363C1F /* PBXTargetDependency */ = {
			isa = PBXTargetDependency;
			target = A9EA3C001CFEA0DF00363C1F /* NoteToDo */;
			targetProxy = A9EA3C231CFEA0DF00363C1F /* PBXContainerItemProxy */;
		};
/* End PBXTargetDependency section */

/* Begin PBXVariantGroup section */
		A9EA3C0A1CFEA0DF00363C1F /* Main.storyboard */ = {
			isa = PBXVariantGroup;
			children = (
				A9EA3C0B1CFEA0DF00363C1F /* Base */,
			);
			name = Main.storyboard;
			sourceTree = "<group>";
		};
		A9EA3C0F1CFEA0DF00363C1F /* LaunchScreen.storyboard */ = {
			isa = PBXVariantGroup;
			children = (
				A9EA3C101CFEA0DF00363C1F /* Base */,
			);
			name = LaunchScreen.storyboard;
			sourceTree = "<group>";
		};
/* End PBXVariantGroup section */

/* Begin XCBuildConfiguration section */
		A9EA3C291CFEA0DF00363C1F /* Debug */ = {
			isa = XCBuildConfiguration;
			buildSettings = {
				ALWAYS_SEARCH_USER_PATHS = NO;
				CLANG_ANALYZER_NONNULL = YES;
				CLANG_CXX_LANGUAGE_STANDARD = "gnu++0x";
				CLANG_CXX_LIBRARY = "libc++";
				CLANG_ENABLE_MODULES = YES;
				CLANG_ENABLE_OBJC_ARC = YES;
				CLANG_WARN_BOOL_CONVERSION = YES;
				CLANG_WARN_CONSTANT_CONVERSION = YES;
				CLANG_WARN_DIRECT_OBJC_ISA_USAGE = YES_ERROR;
				CLANG_WARN_EMPTY_BODY = YES;
				CLANG_WARN_ENUM_CONVERSION = YES;
				CLANG_WARN_INT_CONVERSION = YES;
				CLANG_WARN_OBJC_ROOT_CLASS = YES_ERROR;
				CLANG_WARN_UNREACHABLE_CODE = YES;
				CLANG_WARN__DUPLICATE_METHOD_MATCH = YES;
				"CODE_SIGN_IDENTITY[sdk=iphoneos*]" = "iPhone Developer";
				COPY_PHASE_STRIP = NO;
				DEBUG_INFORMATION_FORMAT = dwarf;
				ENABLE_STRICT_OBJC_MSGSEND = YES;
				ENABLE_TESTABILITY = YES;
				GCC_C_LANGUAGE_STANDARD = gnu99;
				GCC_DYNAMIC_NO_PIC = NO;
				GCC_NO_COMMON_BLOCKS = YES;
				GCC_OPTIMIZATION_LEVEL = 0;
				GCC_PREPROCESSOR_DEFINITIONS = (
					"DEBUG=1",
					"$(inherited)",
				);
				GCC_WARN_64_TO_32_BIT_CONVERSION = YES;
				GCC_WARN_ABOUT_RETURN_TYPE = YES_ERROR;
				GCC_WARN_UNDECLARED_SELECTOR = YES;
				GCC_WARN_UNINITIALIZED_AUTOS = YES_AGGRESSIVE;
				GCC_WARN_UNUSED_FUNCTION = YES;
				GCC_WARN_UNUSED_VARIABLE = YES;
				IPHONEOS_DEPLOYMENT_TARGET = 9.3;
				MTL_ENABLE_DEBUG_INFO = YES;
				ONLY_ACTIVE_ARCH = YES;
				SDKROOT = iphoneos;
				SWIFT_OPTIMIZATION_LEVEL = "-Onone";
				TARGETED_DEVICE_FAMILY = "1,2";
			};
			name = Debug;
		};
		A9EA3C2A1CFEA0DF00363C1F /* Release */ = {
			isa = XCBuildConfiguration;
			buildSettings = {
				ALWAYS_SEARCH_USER_PATHS = NO;
				CLANG_ANALYZER_NONNULL = YES;
				CLANG_CXX_LANGUAGE_STANDARD = "gnu++0x";
				CLANG_CXX_LIBRARY = "libc++";
				CLANG_ENABLE_MODULES = YES;
				CLANG_ENABLE_OBJC_ARC = YES;
				CLANG_WARN_BOOL_CONVERSION = YES;
				CLANG_WARN_CONSTANT_CONVERSION = YES;
				CLANG_WARN_DIRECT_OBJC_ISA_USAGE = YES_ERROR;
				CLANG_WARN_EMPTY_BODY = YES;
				CLANG_WARN_ENUM_CONVERSION = YES;
				CLANG_WARN_INT_CONVERSION = YES;
				CLANG_WARN_OBJC_ROOT_CLASS = YES_ERROR;
				CLANG_WARN_UNREACHABLE_CODE = YES;
				CLANG_WARN__DUPLICATE_METHOD_MATCH = YES;
				"CODE_SIGN_IDENTITY[sdk=iphoneos*]" = "iPhone Developer";
				COPY_PHASE_STRIP = NO;
				DEBUG_INFORMATION_FORMAT = "dwarf-with-dsym";
				ENABLE_NS_ASSERTIONS = NO;
				ENABLE_STRICT_OBJC_MSGSEND = YES;
				GCC_C_LANGUAGE_STANDARD = gnu99;
				GCC_NO_COMMON_BLOCKS = YES;
				GCC_WARN_64_TO_32_BIT_CONVERSION = YES;
				GCC_WARN_ABOUT_RETURN_TYPE = YES_ERROR;
				GCC_WARN_UNDECLARED_SELECTOR = YES;
				GCC_WARN_UNINITIALIZED_AUTOS = YES_AGGRESSIVE;
				GCC_WARN_UNUSED_FUNCTION = YES;
				GCC_WARN_UNUSED_VARIABLE = YES;
				IPHONEOS_DEPLOYMENT_TARGET = 9.3;
				MTL_ENABLE_DEBUG_INFO = NO;
				SDKROOT = iphoneos;
				TARGETED_DEVICE_FAMILY = "1,2";
				VALIDATE_PRODUCT = YES;
			};
			name = Release;
		};
		A9EA3C2C1CFEA0DF00363C1F /* Debug */ = {
			isa = XCBuildConfiguration;
			buildSettings = {
				ASSETCATALOG_COMPILER_APPICON_NAME = AppIcon;
				INFOPLIST_FILE = NoteToDo/Info.plist;
				LD_RUNPATH_SEARCH_PATHS = "$(inherited) @executable_path/Frameworks";
				PRODUCT_BUNDLE_IDENTIFIER = "com.mukund-ravindra.NoteToDo";
				PRODUCT_NAME = "$(TARGET_NAME)";
			};
			name = Debug;
		};
		A9EA3C2D1CFEA0DF00363C1F /* Release */ = {
			isa = XCBuildConfiguration;
			buildSettings = {
				ASSETCATALOG_COMPILER_APPICON_NAME = AppIcon;
				INFOPLIST_FILE = NoteToDo/Info.plist;
				LD_RUNPATH_SEARCH_PATHS = "$(inherited) @executable_path/Frameworks";
				PRODUCT_BUNDLE_IDENTIFIER = "com.mukund-ravindra.NoteToDo";
				PRODUCT_NAME = "$(TARGET_NAME)";
			};
			name = Release;
		};
		A9EA3C2F1CFEA0DF00363C1F /* Debug */ = {
			isa = XCBuildConfiguration;
			buildSettings = {
				BUNDLE_LOADER = "$(TEST_HOST)";
				INFOPLIST_FILE = NoteToDoTests/Info.plist;
				LD_RUNPATH_SEARCH_PATHS = "$(inherited) @executable_path/Frameworks @loader_path/Frameworks";
				PRODUCT_BUNDLE_IDENTIFIER = "com.mukund-ravindra.NoteToDoTests";
				PRODUCT_NAME = "$(TARGET_NAME)";
				TEST_HOST = "$(BUILT_PRODUCTS_DIR)/NoteToDo.app/NoteToDo";
			};
			name = Debug;
		};
		A9EA3C301CFEA0DF00363C1F /* Release */ = {
			isa = XCBuildConfiguration;
			buildSettings = {
				BUNDLE_LOADER = "$(TEST_HOST)";
				INFOPLIST_FILE = NoteToDoTests/Info.plist;
				LD_RUNPATH_SEARCH_PATHS = "$(inherited) @executable_path/Frameworks @loader_path/Frameworks";
				PRODUCT_BUNDLE_IDENTIFIER = "com.mukund-ravindra.NoteToDoTests";
				PRODUCT_NAME = "$(TARGET_NAME)";
				TEST_HOST = "$(BUILT_PRODUCTS_DIR)/NoteToDo.app/NoteToDo";
			};
			name = Release;
		};
		A9EA3C321CFEA0DF00363C1F /* Debug */ = {
			isa = XCBuildConfiguration;
			buildSettings = {
				INFOPLIST_FILE = NoteToDoUITests/Info.plist;
				LD_RUNPATH_SEARCH_PATHS = "$(inherited) @executable_path/Frameworks @loader_path/Frameworks";
				PRODUCT_BUNDLE_IDENTIFIER = "com.mukund-ravindra.NoteToDoUITests";
				PRODUCT_NAME = "$(TARGET_NAME)";
				TEST_TARGET_NAME = NoteToDo;
			};
			name = Debug;
		};
		A9EA3C331CFEA0DF00363C1F /* Release */ = {
			isa = XCBuildConfiguration;
			buildSettings = {
				INFOPLIST_FILE = NoteToDoUITests/Info.plist;
				LD_RUNPATH_SEARCH_PATHS = "$(inherited) @executable_path/Frameworks @loader_path/Frameworks";
				PRODUCT_BUNDLE_IDENTIFIER = "com.mukund-ravindra.NoteToDoUITests";
				PRODUCT_NAME = "$(TARGET_NAME)";
				TEST_TARGET_NAME = NoteToDo;
			};
			name = Release;
		};
/* End XCBuildConfiguration section */

/* Begin XCConfigurationList section */
		A9EA3BFC1CFEA0DF00363C1F /* Build configuration list for PBXProject "NoteToDo" */ = {
			isa = XCConfigurationList;
			buildConfigurations = (
				A9EA3C291CFEA0DF00363C1F /* Debug */,
				A9EA3C2A1CFEA0DF00363C1F /* Release */,
			);
			defaultConfigurationIsVisible = 0;
			defaultConfigurationName = Release;
		};
		A9EA3C2B1CFEA0DF00363C1F /* Build configuration list for PBXNativeTarget "NoteToDo" */ = {
			isa = XCConfigurationList;
			buildConfigurations = (
				A9EA3C2C1CFEA0DF00363C1F /* Debug */,
				A9EA3C2D1CFEA0DF00363C1F /* Release */,
			);
			defaultConfigurationIsVisible = 0;
		};
		A9EA3C2E1CFEA0DF00363C1F /* Build configuration list for PBXNativeTarget "NoteToDoTests" */ = {
			isa = XCConfigurationList;
			buildConfigurations = (
				A9EA3C2F1CFEA0DF00363C1F /* Debug */,
				A9EA3C301CFEA0DF00363C1F /* Release */,
			);
			defaultConfigurationIsVisible = 0;
		};
		A9EA3C311CFEA0DF00363C1F /* Build configuration list for PBXNativeTarget "NoteToDoUITests" */ = {
			isa = XCConfigurationList;
			buildConfigurations = (
				A9EA3C321CFEA0DF00363C1F /* Debug */,
				A9EA3C331CFEA0DF00363C1F /* Release */,
			);
			defaultConfigurationIsVisible = 0;
		};
/* End XCConfigurationList section */
	};
	rootObject = A9EA3BF91CFEA0DF00363C1F /* Project object */;
}
